
Microsoft Visual Studio Solution File, Format Version 12.00
# Visual Studio Version 17
VisualStudioVersion = 17.7.34024.191
MinimumVisualStudioVersion = 10.0.40219.1
Project("{F184B08F-C81C-45F6-A57F-5ABD9991F28F}") = "Proyecto_Sistema_Farmacia", "Proyecto_Sistema_Farmacia.vbproj", "{DEF3E617-57FE-417D-9784-7522854E0346}"
EndProject
Global
	GlobalSection(SolutionConfigurationPlatforms) = preSolution
		Debug|Any CPU = Debug|Any CPU
		Release|Any CPU = Release|Any CPU
	EndGlobalSection
	GlobalSection(ProjectConfigurationPlatforms) = postSolution
		{DEF3E617-57FE-417D-9784-7522854E0346}.Debug|Any CPU.ActiveCfg = Debug|Any CPU
		{DEF3E617-57FE-417D-9784-7522854E0346}.Debug|Any CPU.Build.0 = Debug|Any CPU
		{DEF3E617-57FE-417D-9784-7522854E0346}.Release|Any CPU.ActiveCfg = Release|Any CPU
		{DEF3E617-57FE-417D-9784-7522854E0346}.Release|Any CPU.Build.0 = Release|Any CPU
	EndGlobalSection
	GlobalSection(SolutionProperties) = preSolution
		HideSolutionNode = FALSE
	EndGlobalSection
	GlobalSection(ExtensibilityGlobals) = postSolution
		SolutionGuid = {9C5D30AF-6405-4E1E-8F55-FC799D174DD3}
	EndGlobalSection
EndGlobal
